# This file was autogenerated by Stack.
# You should not edit this file by hand.
# For more information, please see the documentation at:
#   https://docs.haskellstack.org/en/stable/lock_files

packages:
- completed:
    hackage: fused-effects-0.5.0.1@sha256:a2f5fcd127afbe57a18e0d6c4edb5fee3d4a50411b1007773e250e69f16f3055,4387
    pantry-tree:
      size: 2400
      sha256: 3e6c4822199c00333878fe3a662159751fdf86d21503b447208af0a3ea6e2671
  original:
    hackage: fused-effects-0.5.0.1@sha256:a2f5fcd127afbe57a18e0d6c4edb5fee3d4a50411b1007773e250e69f16f3055,4387
- completed:
    hackage: fused-effects-exceptions-0.2.0.0@sha256:a4925cdf5fd57a7ed5e603e1d8d1de0f227654d0137b9643d0b3807804f2ff08,1123
    pantry-tree:
      size: 284
      sha256: d04e54d69214f0846be7bc9e55a34f0897de12c97557dbb0ed51e6c07198749a
  original:
    hackage: fused-effects-exceptions-0.2.0.0@sha256:a4925cdf5fd57a7ed5e603e1d8d1de0f227654d0137b9643d0b3807804f2ff08,1123
- completed:
    hackage: ansi-terminal-0.9@sha256:24e357bccd882add0d9caee63136d6b7923aaa9e36ed515097230dca82b0065c,3154
    pantry-tree:
      size: 1386
      sha256: ba8e708bbeb1d2d277f40d09627e91cc597b08334b63936c661263c18108d008
  original:
    hackage: ansi-terminal-0.9@sha256:24e357bccd882add0d9caee63136d6b7923aaa9e36ed515097230dca82b0065c,3154
- completed:
    hackage: streaming-concurrency-0.3.1.3@sha256:b46503a07a2877b71db70e10c10e33577c854904a14b3db0964a91d1d0933f79,2666
    pantry-tree:
      size: 525
      sha256: 8cbf76fa5e851e468ab187c37c93a0b374e65358c42268f03d4606d0a6713f35
  original:
    hackage: streaming-concurrency-0.3.1.3@sha256:b46503a07a2877b71db70e10c10e33577c854904a14b3db0964a91d1d0933f79,2666
- completed:
    hackage: streaming-with-0.2.2.1@sha256:f5f354c9d1ed9358bf91792a2804c897544b170b2891b6c0ee61120605f0327c,1280
    pantry-tree:
      size: 390
      sha256: 2348c80d121b8aae5d6dc462ad0bab28856c3aa58d62f16da9a6da190c1f59cc
  original:
    hackage: streaming-with-0.2.2.1@sha256:f5f354c9d1ed9358bf91792a2804c897544b170b2891b6c0ee61120605f0327c,1280
- completed:
    hackage: time-compat-1.9.2.2@sha256:9998dc1b77b5067572ab708e94750f1061152f342e92ad1aba38aae63581174d,4209
    pantry-tree:
      size: 3602
      sha256: 724a63e80871bc6709a2d3ca1c3c7316048e99c9d50b0492f0eff25ce2cecbe0
  original:
    hackage: time-compat-1.9.2.2@sha256:9998dc1b77b5067572ab708e94750f1061152f342e92ad1aba38aae63581174d,4209
- completed:
    hackage: hedgehog-1.0.1@sha256:b65b1ebde7b7fe8e693070916e45aa2ed63eea5e3f84ac3a8f9a0b7f8fcf0337,4465
    pantry-tree:
      size: 2409
      sha256: 41ff1350ad4efb5bcad364e85df7616d30836b348f83b20826349efea8fbc8dd
  original:
    hackage: hedgehog-1.0.1@sha256:b65b1ebde7b7fe8e693070916e45aa2ed63eea5e3f84ac3a8f9a0b7f8fcf0337,4465
- completed:
    hackage: pretty-simple-3.1.0.0@sha256:d9d045de35be6a2d78a9b3b38d39b13caba96c0ef5ba9d4b44b9b7c2c50e7fa1,4129
    pantry-tree:
      size: 1405
      sha256: 897ea2ca3dcab20d4679671e4c0d6d2d9b71ff0978c9572296b4f9b6fdaf4a40
  original:
    hackage: pretty-simple-3.1.0.0@sha256:d9d045de35be6a2d78a9b3b38d39b13caba96c0ef5ba9d4b44b9b7c2c50e7fa1,4129
- completed:
    hackage: tasty-hedgehog-1.0.0.1@sha256:f632aa57399fbd9a0910757bd550e702e13752f9fd1fced0cc9e6b54dd49c7d8,1823
    pantry-tree:
      size: 330
      sha256: a2f71ddf7ebe2c7e918f2643159b262687ff0d7560b2124430d658a7051dc7ba
  original:
    hackage: tasty-hedgehog-1.0.0.1@sha256:f632aa57399fbd9a0910757bd550e702e13752f9fd1fced0cc9e6b54dd49c7d8,1823
- completed:
    hackage: tree-sitter-java-0.4.0.0@sha256:9d2fda4c03773ecec9826c7de060382d8e429c4a3110cb4af914ee25547c8200,1964
    pantry-tree:
      size: 615
      sha256: 7c9b4350c9750bdf9f2c54c40c8459ae7fb12577f46e835fb7c91c1a2e825886
  original:
    hackage: tree-sitter-java-0.4.0.0@sha256:9d2fda4c03773ecec9826c7de060382d8e429c4a3110cb4af914ee25547c8200,1964
- completed:
    hackage: tree-sitter-json-0.3.0.0@sha256:acace225905971aca81ea09d5c7830ec92d4ac519e34c464bb879b35e69cf8cd,2002
    pantry-tree:
      size: 612
      sha256: 48919a5cd414d35b6e1e5145d176b039e0bc1d62f2a177ffc0d7ff6efe64a38b
  original:
    hackage: tree-sitter-json-0.3.0.0@sha256:acace225905971aca81ea09d5c7830ec92d4ac519e34c464bb879b35e69cf8cd,2002
- completed:
    hackage: unordered-containers-0.2.10.0@sha256:5e9b095a9283d9e2f064fec73a81a6b6ea0b7fda3f219a8175785d2d2a3de204,5199
    pantry-tree:
      size: 1415
      sha256: dfc2d75f4e59c03e2c68be6909b577f26991367134eaac06a407e940e66856ae
  original:
    hackage: unordered-containers-0.2.10.0@sha256:5e9b095a9283d9e2f064fec73a81a6b6ea0b7fda3f219a8175785d2d2a3de204,5199
- completed:
    hackage: fastsum-0.1.1.0@sha256:bbc8c27b6dc100a94cef28ab1bebe38155cd95e00e8d27e025a137c8b74118e2,2280
    pantry-tree:
      size: 430
      sha256: 1f74dac14478572e175bf8e12de4500711c47fdcc56cb630eae3732e0410aa1d
  original:
    hackage: fastsum-0.1.1.0@sha256:bbc8c27b6dc100a94cef28ab1bebe38155cd95e00e8d27e025a137c8b74118e2,2280
- completed:
    hackage: generic-monoid-0.1.0.0@sha256:372875d12742b97befaacbd08a35c2e73cc3821a3b7a09ec1b17a079d0b24ff7,856
    pantry-tree:
      size: 393
      sha256: 97b556af7f3209f1da5099f50727008d771b72ac0b64b4a640c20f1621eb669b
  original:
    hackage: generic-monoid-0.1.0.0@sha256:372875d12742b97befaacbd08a35c2e73cc3821a3b7a09ec1b17a079d0b24ff7,856
- completed:
    hackage: semilattices-0.0.0.4@sha256:333707e460923711d1edbdd02ebe1c3957d4e0808eab9886747b52ee3e443639,1909
    pantry-tree:
      size: 801
      sha256: f3b6dd7ac1fa1b7a259334ff342405263da053af5c115bd86499227e2373d8ec
  original:
    hackage: semilattices-0.0.0.4@sha256:333707e460923711d1edbdd02ebe1c3957d4e0808eab9886747b52ee3e443639,1909
- completed:
    hackage: yaml-0.11.1.2@sha256:cbc4ddb233c564967aad27ee47c1cd8fd6a06b9183353e76fe66c9be7c9dfd76,5109
    pantry-tree:
      size: 1989
      sha256: 67fa65b246192799aa7a4ac5471dfcc3c665beda50300c3a6717670deb20b912
  original:
    hackage: yaml-0.11.1.2@sha256:cbc4ddb233c564967aad27ee47c1cd8fd6a06b9183353e76fe66c9be7c9dfd76,5109
- completed:
    hackage: lingo-0.3.0.0@sha256:aca2f51328443ab0ebc7362da75bd89e395912324d134063a18076c6ce298083,1899
    pantry-tree:
      size: 422
      sha256: 5ec1bfbab60d1ed98b3a1e263a6cece317bc1b3c1b2d13e04b8da99188c11591
  original:
    hackage: lingo-0.3.0.0@sha256:aca2f51328443ab0ebc7362da75bd89e395912324d134063a18076c6ce298083,1899
- completed:
    hackage: proto-lens-0.5.1.0@sha256:d959c40aabda1ab208a64b0c5abb5519e7956b665275b38beb4c812f51f95987,3266
    pantry-tree:
      size: 2205
      sha256: e556d94fe681c9416e45e993960bf3bbbc769223edc4ea92af306d969375124c
  original:
    hackage: proto-lens-0.5.1.0@sha256:d959c40aabda1ab208a64b0c5abb5519e7956b665275b38beb4c812f51f95987,3266
- completed:
    hackage: proto-lens-runtime-0.5.0.0@sha256:cb39cf13ce4f7dac5414f94a7afe0adc9b831312e6b60588a23bd816accc385f,3132
    pantry-tree:
      size: 168
      sha256: c45212c2b75d27b7a1e32bb34e1ffd7b3cca98e16f4d5a02016ff9b744a0df64
  original:
    hackage: proto-lens-runtime-0.5.0.0@sha256:cb39cf13ce4f7dac5414f94a7afe0adc9b831312e6b60588a23bd816accc385f,3132
- completed:
    hackage: tree-sitter-0.5.0.0@sha256:3ff8434b27adbdea4171ae1ff1fe62989d9e013916eafc50ec88bf2cbe61a822,4024
    pantry-tree:
      size: 3727
      sha256: c4cffedbe87f838eee4336f6962f9e1b67166eba6891d5a54595d917cfa8eec8
  original:
    hackage: tree-sitter-0.5.0.0@sha256:3ff8434b27adbdea4171ae1ff1fe62989d9e013916eafc50ec88bf2cbe61a822,4024
- completed:
    hackage: tree-sitter-go-0.2.0.1@sha256:75c5ec045c032f09255b85dc48beab51cd051ea94d944b5a85d5eff25e76fc24,1374
    pantry-tree:
      size: 406
      sha256: 51cd548677a546896fe2c99b5dea29fdcc1e5f7d708a6844857835fb9dc4458e
  original:
    hackage: tree-sitter-go-0.2.0.1@sha256:75c5ec045c032f09255b85dc48beab51cd051ea94d944b5a85d5eff25e76fc24,1374
- completed:
    hackage: tree-sitter-php-0.2.0.1@sha256:f17011161efe73e0986a3f19c59bca0ad697f3b6b15f97d2b34e17c8e4261576,1475
    pantry-tree:
      size: 444
      sha256: c87eb8c69dbe4122acda5384ce5c55f5b0cd5a3f328007c0aa79a33847849456
  original:
    hackage: tree-sitter-php-0.2.0.1@sha256:f17011161efe73e0986a3f19c59bca0ad697f3b6b15f97d2b34e17c8e4261576,1475
- completed:
    hackage: tree-sitter-python-0.6.0.0@sha256:58a611d0a320c247a83cd8eadf50ac6da0332a6c8dca6dfa7d17f9c107e0234d,2602
    pantry-tree:
      size: 764
      sha256: 0c960ed5c4e71ff73215a42397621d5988f11f1dbaba6bdcac2b8e8d634d2f8c
  original:
    hackage: tree-sitter-python-0.6.0.0@sha256:58a611d0a320c247a83cd8eadf50ac6da0332a6c8dca6dfa7d17f9c107e0234d,2602
- completed:
    hackage: tree-sitter-ruby-0.2.0.1@sha256:719970130bf4b9817985dff28ea53bb41db901070ee4c62867b72b0dacb5ecdb,1488
    pantry-tree:
      size: 451
      sha256: 367896a91fcfd6ae6179eb1775cb36cf18f6cddd2a2da462d58829d3fa2c25ed
  original:
    hackage: tree-sitter-ruby-0.2.0.1@sha256:719970130bf4b9817985dff28ea53bb41db901070ee4c62867b72b0dacb5ecdb,1488
- completed:
    hackage: tree-sitter-tsx-0.2.1.1@sha256:79a6d412648b68d1fdf4de79c34f7f5ed83378d985baadcb1c4d0397cc8a6203,1606
    pantry-tree:
      size: 561
      sha256: 3698312793fedfba1120e5e2dc6b4a5687a56100d17ea998795ac5cbfa1f2fa2
  original:
    hackage: tree-sitter-tsx-0.2.1.1@sha256:79a6d412648b68d1fdf4de79c34f7f5ed83378d985baadcb1c4d0397cc8a6203,1606
- completed:
    hackage: tree-sitter-typescript-0.2.1.1@sha256:e0c2f1672614a1e55f84c798b1a706a075b77ffa0b73e034e8050904fabc2bd1,1654
    pantry-tree:
      size: 603
      sha256: b64fb31a7d67b80e651fdc54bef3d3ede3ec3c48ece50f131da114bc3be43b32
  original:
    hackage: tree-sitter-typescript-0.2.1.1@sha256:e0c2f1672614a1e55f84c798b1a706a075b77ffa0b73e034e8050904fabc2bd1,1654
- completed:
    hackage: Glob-0.10.0@sha256:bbccaf21bff9071dcf369f55cc1a07250bdc84c432bdf4277ed53e5e2327cd7d,2947
    pantry-tree:
      size: 1432
      sha256: 2b14578b5cf51af20efeaf332a1e1ea0c9c24fe2fcb2afba64f77d9249395844
  original:
    hackage: Glob-0.10.0@sha256:bbccaf21bff9071dcf369f55cc1a07250bdc84c432bdf4277ed53e5e2327cd7d,2947
- completed:
    hackage: aeson-1.4.5.0@sha256:451b48781e6f85102675778b54cd8f0e0cafa5bdf950c2989223cc22f9baa20e,6964
    pantry-tree:
      size: 40193
      sha256: 2a66131492bcf981138f4723ea5c71058ce5b37b0f1b50db020321c1cee1545b
  original:
    hackage: aeson-1.4.5.0@sha256:451b48781e6f85102675778b54cd8f0e0cafa5bdf950c2989223cc22f9baa20e,6964
- completed:
    hackage: streaming-process-0.1.0.0@sha256:53bb66b7983cf6173d30e02f61a0c62d8bfca36caa7f295c7cdb40cc620a46f4,2232
    pantry-tree:
      size: 455
      sha256: c4d001a3023390f8fb8ddd4ec4180b8f72d4e415358b647439dc33589684067f
  original:
    hackage: streaming-process-0.1.0.0@sha256:53bb66b7983cf6173d30e02f61a0c62d8bfca36caa7f295c7cdb40cc620a46f4,2232
- completed:
    hackage: tasty-1.2.3@sha256:bba67074e5326d57e8f53fc1dabcb6841daa4dc51b053506eb7f40a6f49a0497,2517
    pantry-tree:
      size: 1725
      sha256: 2f1bd0e1e1e105bdc8ee9eb53b55a6db54c67d0dce86ba08b61dbaf8988c5d58
  original:
    hackage: tasty-1.2.3@sha256:bba67074e5326d57e8f53fc1dabcb6841daa4dc51b053506eb7f40a6f49a0497,2517
- completed:
    hackage: tasty-hunit-0.10.0.2@sha256:8e8bd5807cec650f5aebc5ada07b57620c863e69145e65249651c1b48d97bd70,1515
    pantry-tree:
      size: 399
      sha256: 798ead058109874a86df2822aa4bdb909132b9a61b102d32e5af802c8366aa50
  original:
    hackage: tasty-hunit-0.10.0.2@sha256:8e8bd5807cec650f5aebc5ada07b57620c863e69145e65249651c1b48d97bd70,1515
- completed:
    cabal-file:
      size: 1539
      sha256: b560970ad8fe6a794dbc5270581c110a2be2f68f220ce38e39a179b383d62a70
    name: hspec-expectations-pretty-diff
    version: 0.7.2.5
    git: https://github.com/rewinfrey/hspec-expectations-pretty-diff
    pantry-tree:
      size: 955
      sha256: cd248a30833817bdb1363c03eba50b7e7dce1d0fa612460bd0f71cd21430e733
    commit: 94af5871c24ba319f7f72fefa53c1a4d074c9a29
  original:
    git: https://github.com/rewinfrey/hspec-expectations-pretty-diff
    commit: 94af5871c24ba319f7f72fefa53c1a4d074c9a29
- completed:
    cabal-file:
      size: 4633
      sha256: 4f762096d067b9b782357e077d200a8f8a3999340b6f9fd5672c9a8c9b0c9194
    name: proto3-suite
    version: 0.2.0
    git: https://github.com/joshvera/proto3-suite.git
    pantry-tree:
      size: 4281
      sha256: f750cf61de9861676cf4e98e0bb8bccae939a0ee5a218651ab8b59e11f5c6913
    commit: 83f3352f0c7c94ea091e6087f60692eda9991fae
  original:
    git: https://github.com/joshvera/proto3-suite.git
    commit: 83f3352f0c7c94ea091e6087f60692eda9991fae
- completed:
    cabal-file:
      size: 1933
      sha256: c05a580ea8925ecab0658a81b570e040b8a35d91e4eda11340025e5b26f1eacf
    name: proto3-wire
    version: 1.0.0
    git: https://github.com/joshvera/proto3-wire.git
    pantry-tree:
      size: 854
      sha256: 0ae0d0850eef29b3925b2cedd05b89261f2305b4a6659444dc87697e1a05458f
    commit: 84664e22f01beb67870368f1f88ada5d0ad01f56
  original:
    git: https://github.com/joshvera/proto3-wire.git
    commit: 84664e22f01beb67870368f1f88ada5d0ad01f56
- completed:
    cabal-file:
      size: 2347
      sha256: 1c5719cecbbe09c136591709a2fbba8f74f7648f13bde7e3fa5b890f5ab834ea
    name: proto-lens-jsonpb
    version: 0.1.0.0
    git: https://github.com/tclem/proto-lens-jsonpb.git
    pantry-tree:
      size: 1211
      sha256: eb532c14751f9cd615d6df534b68c5ae959c546e3447865cbafa230e2721c6f6
    commit: e4d10b77f57ee25beb759a33e63e2061420d3dc2
  original:
    git: https://github.com/tclem/proto-lens-jsonpb.git
    commit: e4d10b77f57ee25beb759a33e63e2061420d3dc2
- completed:
    cabal-file:
      size: 1486
      sha256: 75d6cc71352cdb4d10a4d9c7dce38ca81a5961ccca98b1a3c2cd6029578a0609
    name: fused-syntax
    version: 0.0.0.0
    git: https://github.com/antitypical/fused-syntax.git
    pantry-tree:
      size: 1301
      sha256: b8587b84253063e869098bae437c976daa438603f4ae8d76dde81f42d72b4e85
    commit: 5b7512db962d5b3f973002615b8bc86ab074d5aa
  original:
    git: https://github.com/antitypical/fused-syntax.git
    commit: 5b7512db962d5b3f973002615b8bc86ab074d5aa
snapshots:
- completed:
    size: 498398
    url: https://raw.githubusercontent.com/commercialhaskell/stackage-snapshots/master/lts/13/23.yaml
    sha256: 63151ca76f39d5cfbd266ce019236459fdda53fbefd2200aedeb33bcc81f808e
  original: lts-13.23
